
Microsoft Visual Studio Solution File, Format Version 12.00
# Visual Studio 14
VisualStudioVersion = 14.0.24720.0
MinimumVisualStudioVersion = 10.0.40219.1
Project("{2150E333-8FDC-42A3-9474-1A3956D46DE8}") = "Solution Items", "Solution Items", "{C48481DE-087D-4462-B043-6B46143E8B4A}"
	ProjectSection(SolutionItems) = preProject
		EdFi.ruleset = EdFi.ruleset
		EdFi.Tests.ruleset = EdFi.Tests.ruleset
		SolutionAssemblyInfo.cs = SolutionAssemblyInfo.cs
	EndProjectSection
EndProject
Project("{2150E333-8FDC-42A3-9474-1A3956D46DE8}") = ".nuget", ".nuget", "{55F96A5B-A656-4E9E-B257-F505087A676F}"
	ProjectSection(SolutionItems) = preProject
		.nuget\NuGet.Config = .nuget\NuGet.Config
		.nuget\NuGet.exe = .nuget\NuGet.exe
		.nuget\NuGet.targets = .nuget\NuGet.targets
	EndProjectSection
EndProject
Project("{FAE04EC0-301F-11D3-BF4B-00C04F79EFBC}") = "EdFi.Dashboards.Data", "..\..\Ed-Fi-Core\Application\EdFi.Dashboards.Data\EdFi.Dashboards.Data.csproj", "{2D634E95-52F6-404D-89AF-CA13C7C995D1}"
EndProject
Project("{FAE04EC0-301F-11D3-BF4B-00C04F79EFBC}") = "EdFi.Dashboards.Resources.Models", "..\..\Ed-Fi-Core\Application\EdFi.Dashboards.Resources.Models\EdFi.Dashboards.Resources.Models.csproj", "{3C848D33-B28B-4690-BE41-84EDDF1BBB23}"
EndProject
Project("{FAE04EC0-301F-11D3-BF4B-00C04F79EFBC}") = "EdFi.Dashboards.Resources", "..\..\Ed-Fi-Core\Application\EdFi.Dashboards.Resources\EdFi.Dashboards.Resources.csproj", "{6EA4750A-8C3C-4111-B9A4-F35F5EF436ED}"
EndProject
Project("{FAE04EC0-301F-11D3-BF4B-00C04F79EFBC}") = "EdFi.Dashboards.Infrastructure", "..\..\Ed-Fi-Core\Application\EdFi.Dashboards.Infrastructure\EdFi.Dashboards.Infrastructure.csproj", "{0C2CFA02-99C5-4BC1-8EBF-AA9EB75EEB3A}"
EndProject
Project("{FAE04EC0-301F-11D3-BF4B-00C04F79EFBC}") = "EdFi.Dashboards.Common", "..\..\Ed-Fi-Core\Application\EdFi.Dashboards.Common\EdFi.Dashboards.Common.csproj", "{5138F45D-EB07-4733-97E7-C761832BDC07}"
EndProject
Project("{FAE04EC0-301F-11D3-BF4B-00C04F79EFBC}") = "EdFi.Dashboards.Core", "..\..\Ed-Fi-Core\Application\EdFi.Dashboards.Core\EdFi.Dashboards.Core.csproj", "{6492B293-E115-4E1D-9B08-D7C798673F40}"
EndProject
Project("{FAE04EC0-301F-11D3-BF4B-00C04F79EFBC}") = "EdFi.Dashboards.Metric.Resources", "..\..\Ed-Fi-Core\Application\EdFi.Dashboards.Metric.Resources\EdFi.Dashboards.Metric.Resources.csproj", "{83928965-AF03-4518-9940-12BEF4BC079D}"
EndProject
Project("{FAE04EC0-301F-11D3-BF4B-00C04F79EFBC}") = "EdFi.Dashboards.Resources.Security", "..\..\Ed-Fi-Core\Application\EdFi.Dashboards.Resources.Security\EdFi.Dashboards.Resources.Security.csproj", "{9D65E63A-9B33-497B-A583-E95DA11D9DA2}"
EndProject
Project("{FAE04EC0-301F-11D3-BF4B-00C04F79EFBC}") = "EdFi.Dashboards.Metric.Data.Entities", "..\..\Ed-Fi-Core\Application\EdFi.Dashboards.Metric.Data.Entities\EdFi.Dashboards.Metric.Data.Entities.csproj", "{A04D62AF-F76D-4C15-AEAB-DF022BEEB1A8}"
EndProject
Project("{FAE04EC0-301F-11D3-BF4B-00C04F79EFBC}") = "EdFi.Dashboards.Metric.Resources.Models", "..\..\Ed-Fi-Core\Application\EdFi.Dashboards.Metric.Resources.Models\EdFi.Dashboards.Metric.Resources.Models.csproj", "{D6E84CA6-8494-4F3C-90B5-2B868DDE7A6C}"
EndProject
Project("{FAE04EC0-301F-11D3-BF4B-00C04F79EFBC}") = "EdFi.Dashboards.Metric.Rendering", "..\..\Ed-Fi-Core\Application\EdFi.Dashboards.Metric.Rendering\EdFi.Dashboards.Metric.Rendering.csproj", "{1E4E9E74-89AA-4053-83F1-F2A53C31D749}"
EndProject
Project("{FAE04EC0-301F-11D3-BF4B-00C04F79EFBC}") = "EdFi.Dashboards.SecurityTokenService.Web", "EdFi.Dashboards.SecurityTokenService.Web\EdFi.Dashboards.SecurityTokenService.Web.csproj", "{35154772-0EBF-4C89-9F2F-197AC94A877E}"
EndProject
Project("{FAE04EC0-301F-11D3-BF4B-00C04F79EFBC}") = "EdFi.Dashboards.SecurityTokenService.Authentication", "..\..\Ed-Fi-Core\Application\EdFi.Dashboards.SecurityTokenService.Authentication\EdFi.Dashboards.SecurityTokenService.Authentication.csproj", "{DBA5BFC2-B479-418E-84E9-44D39E1651D9}"
EndProject
Project("{FAE04EC0-301F-11D3-BF4B-00C04F79EFBC}") = "EdFi.Dashboards.Resources.Security.Common", "..\..\Ed-Fi-Core\Application\EdFi.Dashboards.Resources.Security.Common\EdFi.Dashboards.Resources.Security.Common.csproj", "{A8AF4718-41C9-4307-97B5-33F63111C76B}"
EndProject
Project("{FAE04EC0-301F-11D3-BF4B-00C04F79EFBC}") = "EdFi.Dashboards.Resource.Models.Common", "..\..\Ed-Fi-Core\Application\EdFi.Dashboards.Resource.Models.Common\EdFi.Dashboards.Resource.Models.Common.csproj", "{B9977F25-9C76-4585-B52B-0826255F3318}"
EndProject
Project("{FAE04EC0-301F-11D3-BF4B-00C04F79EFBC}") = "EdFi.Dashboards.Application.Data", "..\..\Ed-Fi-Core\Application\EdFi.Dashboards.Application.Data\EdFi.Dashboards.Application.Data.csproj", "{D930AEAF-1B9B-446E-847F-EC19E34027F3}"
EndProject
Project("{FAE04EC0-301F-11D3-BF4B-00C04F79EFBC}") = "EdFi.Dashboards.Application.Resources", "..\..\Ed-Fi-Core\Application\EdFi.Dashboards.Application.Resources\EdFi.Dashboards.Application.Resources.csproj", "{78F169F7-875D-4A54-B44E-373FEA53434B}"
EndProject
Project("{FAE04EC0-301F-11D3-BF4B-00C04F79EFBC}") = "EdFi.Dashboards.Application.Resources.Models", "..\..\Ed-Fi-Core\Application\EdFi.Dashboards.Application.Resources.Models\EdFi.Dashboards.Application.Resources.Models.csproj", "{447A7F2C-065B-4B19-B19B-4E7AA07AE04C}"
EndProject
Project("{FAE04EC0-301F-11D3-BF4B-00C04F79EFBC}") = "EdFi.Dashboards.Presentation.Architecture", "..\..\Ed-Fi-Core\Application\EdFi.Dashboards.Presentation.Architecture\EdFi.Dashboards.Presentation.Architecture.csproj", "{41A9C660-FCFE-4920-BFF1-3019C434AF91}"
EndProject
Project("{FAE04EC0-301F-11D3-BF4B-00C04F79EFBC}") = "EdFi.Dashboards.Presentation.Core", "..\..\Ed-Fi-Core\Application\EdFi.Dashboards.Presentation.Core\EdFi.Dashboards.Presentation.Core.csproj", "{08EBF714-4E5A-4655-ADE5-8A16E5665C5A}"
EndProject
Project("{FAE04EC0-301F-11D3-BF4B-00C04F79EFBC}") = "EdFi.Dashboards.Warehouse.Data", "..\..\Ed-Fi-Core\Application\EdFi.Dashboards.Warehouse.Data\EdFi.Dashboards.Warehouse.Data.csproj", "{7DC15BBE-3DF1-4E17-AED5-05494775903E}"
EndProject
Project("{FAE04EC0-301F-11D3-BF4B-00C04F79EFBC}") = "EdFi.Dashboards.Warehouse.Resources", "..\..\Ed-Fi-Core\Application\EdFi.Dashboards.Warehouse.Resources\EdFi.Dashboards.Warehouse.Resources.csproj", "{A92C6250-2E75-4F8E-9275-BEB7B9E1C9E2}"
EndProject
Project("{FAE04EC0-301F-11D3-BF4B-00C04F79EFBC}") = "EdFi.Dashboards.Warehouse.Resources.Models", "..\..\Ed-Fi-Core\Application\EdFi.Dashboards.Warehouse.Models\EdFi.Dashboards.Warehouse.Resources.Models.csproj", "{BFA61DC3-9840-43F9-893C-43D540C02BC3}"
EndProject
Project("{FAE04EC0-301F-11D3-BF4B-00C04F79EFBC}") = "EdFi.Dashboards.Presentation.Web", "EdFi.Dashboards.Presentation.Web\EdFi.Dashboards.Presentation.Web.csproj", "{08201F50-2B97-4567-85DF-58B6FEFF7CC9}"
EndProject
Project("{FAE04EC0-301F-11D3-BF4B-00C04F79EFBC}") = "EdFi.Dashboards.SecurityTokenService.Core", "..\..\Ed-Fi-Core\Application\EdFi.Dashboards.SecurityTokenService.Core\EdFi.Dashboards.SecurityTokenService.Core.csproj", "{89B880E2-2FCC-4359-92DB-EE23273B0D4F}"
EndProject
Project("{FAE04EC0-301F-11D3-BF4B-00C04F79EFBC}") = "EdFi.Dashboards.Extensions.Resources", "EdFi.Dashboards.Extensions.Resources\EdFi.Dashboards.Extensions.Resources.csproj", "{969C08CB-590E-49EB-8C98-5BB4CC17A501}"
EndProject
Project("{FAE04EC0-301F-11D3-BF4B-00C04F79EFBC}") = "EdFi.Dashboards.Extensions.Resources.Models", "EdFi.Dashboards.Extensions.Resources.Models\EdFi.Dashboards.Extensions.Resources.Models.csproj", "{37716E17-8EFD-449C-9A39-0BE80C4CB914}"
EndProject
Project("{FAE04EC0-301F-11D3-BF4B-00C04F79EFBC}") = "EdFi.Dashboards.Extensions.Data", "EdFi.Dashboards.Extensions.Data\EdFi.Dashboards.Extensions.Data.csproj", "{B9A37AC5-92AC-454F-9E98-B0469837E81B}"
EndProject
Global
	GlobalSection(SolutionConfigurationPlatforms) = preSolution
		Debug|Any CPU = Debug|Any CPU
		Demo|Any CPU = Demo|Any CPU
		Integration|Any CPU = Integration|Any CPU
		Release|Any CPU = Release|Any CPU
		Test|Any CPU = Test|Any CPU
		WebUITesting|Any CPU = WebUITesting|Any CPU
	EndGlobalSection
	GlobalSection(ProjectConfigurationPlatforms) = postSolution
		{2D634E95-52F6-404D-89AF-CA13C7C995D1}.Debug|Any CPU.ActiveCfg = Debug|Any CPU
		{2D634E95-52F6-404D-89AF-CA13C7C995D1}.Debug|Any CPU.Build.0 = Debug|Any CPU
		{2D634E95-52F6-404D-89AF-CA13C7C995D1}.Demo|Any CPU.ActiveCfg = Release|Any CPU
		{2D634E95-52F6-404D-89AF-CA13C7C995D1}.Demo|Any CPU.Build.0 = Release|Any CPU
		{2D634E95-52F6-404D-89AF-CA13C7C995D1}.Integration|Any CPU.ActiveCfg = Release|Any CPU
		{2D634E95-52F6-404D-89AF-CA13C7C995D1}.Integration|Any CPU.Build.0 = Release|Any CPU
		{2D634E95-52F6-404D-89AF-CA13C7C995D1}.Release|Any CPU.ActiveCfg = Release|Any CPU
		{2D634E95-52F6-404D-89AF-CA13C7C995D1}.Release|Any CPU.Build.0 = Release|Any CPU
		{2D634E95-52F6-404D-89AF-CA13C7C995D1}.Test|Any CPU.ActiveCfg = Release|Any CPU
		{2D634E95-52F6-404D-89AF-CA13C7C995D1}.Test|Any CPU.Build.0 = Release|Any CPU
		{2D634E95-52F6-404D-89AF-CA13C7C995D1}.WebUITesting|Any CPU.ActiveCfg = Debug|Any CPU
		{2D634E95-52F6-404D-89AF-CA13C7C995D1}.WebUITesting|Any CPU.Build.0 = Debug|Any CPU
		{3C848D33-B28B-4690-BE41-84EDDF1BBB23}.Debug|Any CPU.ActiveCfg = Debug|Any CPU
		{3C848D33-B28B-4690-BE41-84EDDF1BBB23}.Debug|Any CPU.Build.0 = Debug|Any CPU
		{3C848D33-B28B-4690-BE41-84EDDF1BBB23}.Demo|Any CPU.ActiveCfg = Release|Any CPU
		{3C848D33-B28B-4690-BE41-84EDDF1BBB23}.Demo|Any CPU.Build.0 = Release|Any CPU
		{3C848D33-B28B-4690-BE41-84EDDF1BBB23}.Integration|Any CPU.ActiveCfg = Release|Any CPU
		{3C848D33-B28B-4690-BE41-84EDDF1BBB23}.Integration|Any CPU.Build.0 = Release|Any CPU
		{3C848D33-B28B-4690-BE41-84EDDF1BBB23}.Release|Any CPU.ActiveCfg = Release|Any CPU
		{3C848D33-B28B-4690-BE41-84EDDF1BBB23}.Release|Any CPU.Build.0 = Release|Any CPU
		{3C848D33-B28B-4690-BE41-84EDDF1BBB23}.Test|Any CPU.ActiveCfg = Release|Any CPU
		{3C848D33-B28B-4690-BE41-84EDDF1BBB23}.Test|Any CPU.Build.0 = Release|Any CPU
		{3C848D33-B28B-4690-BE41-84EDDF1BBB23}.WebUITesting|Any CPU.ActiveCfg = Debug|Any CPU
		{3C848D33-B28B-4690-BE41-84EDDF1BBB23}.WebUITesting|Any CPU.Build.0 = Debug|Any CPU
		{6EA4750A-8C3C-4111-B9A4-F35F5EF436ED}.Debug|Any CPU.ActiveCfg = Debug|Any CPU
		{6EA4750A-8C3C-4111-B9A4-F35F5EF436ED}.Debug|Any CPU.Build.0 = Debug|Any CPU
		{6EA4750A-8C3C-4111-B9A4-F35F5EF436ED}.Demo|Any CPU.ActiveCfg = Release|Any CPU
		{6EA4750A-8C3C-4111-B9A4-F35F5EF436ED}.Demo|Any CPU.Build.0 = Release|Any CPU
		{6EA4750A-8C3C-4111-B9A4-F35F5EF436ED}.Integration|Any CPU.ActiveCfg = Release|Any CPU
		{6EA4750A-8C3C-4111-B9A4-F35F5EF436ED}.Integration|Any CPU.Build.0 = Release|Any CPU
		{6EA4750A-8C3C-4111-B9A4-F35F5EF436ED}.Release|Any CPU.ActiveCfg = Release|Any CPU
		{6EA4750A-8C3C-4111-B9A4-F35F5EF436ED}.Release|Any CPU.Build.0 = Release|Any CPU
		{6EA4750A-8C3C-4111-B9A4-F35F5EF436ED}.Test|Any CPU.ActiveCfg = Release|Any CPU
		{6EA4750A-8C3C-4111-B9A4-F35F5EF436ED}.Test|Any CPU.Build.0 = Release|Any CPU
		{6EA4750A-8C3C-4111-B9A4-F35F5EF436ED}.WebUITesting|Any CPU.ActiveCfg = Debug|Any CPU
		{6EA4750A-8C3C-4111-B9A4-F35F5EF436ED}.WebUITesting|Any CPU.Build.0 = Debug|Any CPU
		{0C2CFA02-99C5-4BC1-8EBF-AA9EB75EEB3A}.Debug|Any CPU.ActiveCfg = Debug|Any CPU
		{0C2CFA02-99C5-4BC1-8EBF-AA9EB75EEB3A}.Debug|Any CPU.Build.0 = Debug|Any CPU
		{0C2CFA02-99C5-4BC1-8EBF-AA9EB75EEB3A}.Demo|Any CPU.ActiveCfg = Release|Any CPU
		{0C2CFA02-99C5-4BC1-8EBF-AA9EB75EEB3A}.Demo|Any CPU.Build.0 = Release|Any CPU
		{0C2CFA02-99C5-4BC1-8EBF-AA9EB75EEB3A}.Integration|Any CPU.ActiveCfg = Release|Any CPU
		{0C2CFA02-99C5-4BC1-8EBF-AA9EB75EEB3A}.Integration|Any CPU.Build.0 = Release|Any CPU
		{0C2CFA02-99C5-4BC1-8EBF-AA9EB75EEB3A}.Release|Any CPU.ActiveCfg = Release|Any CPU
		{0C2CFA02-99C5-4BC1-8EBF-AA9EB75EEB3A}.Release|Any CPU.Build.0 = Release|Any CPU
		{0C2CFA02-99C5-4BC1-8EBF-AA9EB75EEB3A}.Test|Any CPU.ActiveCfg = Release|Any CPU
		{0C2CFA02-99C5-4BC1-8EBF-AA9EB75EEB3A}.Test|Any CPU.Build.0 = Release|Any CPU
		{0C2CFA02-99C5-4BC1-8EBF-AA9EB75EEB3A}.WebUITesting|Any CPU.ActiveCfg = Debug|Any CPU
		{0C2CFA02-99C5-4BC1-8EBF-AA9EB75EEB3A}.WebUITesting|Any CPU.Build.0 = Debug|Any CPU
		{5138F45D-EB07-4733-97E7-C761832BDC07}.Debug|Any CPU.ActiveCfg = Debug|Any CPU
		{5138F45D-EB07-4733-97E7-C761832BDC07}.Debug|Any CPU.Build.0 = Debug|Any CPU
		{5138F45D-EB07-4733-97E7-C761832BDC07}.Demo|Any CPU.ActiveCfg = Release|Any CPU
		{5138F45D-EB07-4733-97E7-C761832BDC07}.Demo|Any CPU.Build.0 = Release|Any CPU
		{5138F45D-EB07-4733-97E7-C761832BDC07}.Integration|Any CPU.ActiveCfg = Release|Any CPU
		{5138F45D-EB07-4733-97E7-C761832BDC07}.Integration|Any CPU.Build.0 = Release|Any CPU
		{5138F45D-EB07-4733-97E7-C761832BDC07}.Release|Any CPU.ActiveCfg = Release|Any CPU
		{5138F45D-EB07-4733-97E7-C761832BDC07}.Release|Any CPU.Build.0 = Release|Any CPU
		{5138F45D-EB07-4733-97E7-C761832BDC07}.Test|Any CPU.ActiveCfg = Release|Any CPU
		{5138F45D-EB07-4733-97E7-C761832BDC07}.Test|Any CPU.Build.0 = Release|Any CPU
		{5138F45D-EB07-4733-97E7-C761832BDC07}.WebUITesting|Any CPU.ActiveCfg = Debug|Any CPU
		{5138F45D-EB07-4733-97E7-C761832BDC07}.WebUITesting|Any CPU.Build.0 = Debug|Any CPU
		{6492B293-E115-4E1D-9B08-D7C798673F40}.Debug|Any CPU.ActiveCfg = Debug|Any CPU
		{6492B293-E115-4E1D-9B08-D7C798673F40}.Debug|Any CPU.Build.0 = Debug|Any CPU
		{6492B293-E115-4E1D-9B08-D7C798673F40}.Demo|Any CPU.ActiveCfg = Debug|Any CPU
		{6492B293-E115-4E1D-9B08-D7C798673F40}.Demo|Any CPU.Build.0 = Debug|Any CPU
		{6492B293-E115-4E1D-9B08-D7C798673F40}.Integration|Any CPU.ActiveCfg = Release|Any CPU
		{6492B293-E115-4E1D-9B08-D7C798673F40}.Integration|Any CPU.Build.0 = Release|Any CPU
		{6492B293-E115-4E1D-9B08-D7C798673F40}.Release|Any CPU.ActiveCfg = Release|Any CPU
		{6492B293-E115-4E1D-9B08-D7C798673F40}.Release|Any CPU.Build.0 = Release|Any CPU
		{6492B293-E115-4E1D-9B08-D7C798673F40}.Test|Any CPU.ActiveCfg = Release|Any CPU
		{6492B293-E115-4E1D-9B08-D7C798673F40}.Test|Any CPU.Build.0 = Release|Any CPU
		{6492B293-E115-4E1D-9B08-D7C798673F40}.WebUITesting|Any CPU.ActiveCfg = Debug|Any CPU
		{6492B293-E115-4E1D-9B08-D7C798673F40}.WebUITesting|Any CPU.Build.0 = Debug|Any CPU
		{83928965-AF03-4518-9940-12BEF4BC079D}.Debug|Any CPU.ActiveCfg = Debug|Any CPU
		{83928965-AF03-4518-9940-12BEF4BC079D}.Debug|Any CPU.Build.0 = Debug|Any CPU
		{83928965-AF03-4518-9940-12BEF4BC079D}.Demo|Any CPU.ActiveCfg = Debug|Any CPU
		{83928965-AF03-4518-9940-12BEF4BC079D}.Demo|Any CPU.Build.0 = Debug|Any CPU
		{83928965-AF03-4518-9940-12BEF4BC079D}.Integration|Any CPU.ActiveCfg = Release|Any CPU
		{83928965-AF03-4518-9940-12BEF4BC079D}.Integration|Any CPU.Build.0 = Release|Any CPU
		{83928965-AF03-4518-9940-12BEF4BC079D}.Release|Any CPU.ActiveCfg = Release|Any CPU
		{83928965-AF03-4518-9940-12BEF4BC079D}.Release|Any CPU.Build.0 = Release|Any CPU
		{83928965-AF03-4518-9940-12BEF4BC079D}.Test|Any CPU.ActiveCfg = Release|Any CPU
		{83928965-AF03-4518-9940-12BEF4BC079D}.Test|Any CPU.Build.0 = Release|Any CPU
		{83928965-AF03-4518-9940-12BEF4BC079D}.WebUITesting|Any CPU.ActiveCfg = Release|Any CPU
		{83928965-AF03-4518-9940-12BEF4BC079D}.WebUITesting|Any CPU.Build.0 = Release|Any CPU
		{9D65E63A-9B33-497B-A583-E95DA11D9DA2}.Debug|Any CPU.ActiveCfg = Debug|Any CPU
		{9D65E63A-9B33-497B-A583-E95DA11D9DA2}.Debug|Any CPU.Build.0 = Debug|Any CPU
		{9D65E63A-9B33-497B-A583-E95DA11D9DA2}.Demo|Any CPU.ActiveCfg = Debug|Any CPU
		{9D65E63A-9B33-497B-A583-E95DA11D9DA2}.Demo|Any CPU.Build.0 = Debug|Any CPU
		{9D65E63A-9B33-497B-A583-E95DA11D9DA2}.Integration|Any CPU.ActiveCfg = Release|Any CPU
		{9D65E63A-9B33-497B-A583-E95DA11D9DA2}.Integration|Any CPU.Build.0 = Release|Any CPU
		{9D65E63A-9B33-497B-A583-E95DA11D9DA2}.Release|Any CPU.ActiveCfg = Release|Any CPU
		{9D65E63A-9B33-497B-A583-E95DA11D9DA2}.Release|Any CPU.Build.0 = Release|Any CPU
		{9D65E63A-9B33-497B-A583-E95DA11D9DA2}.Test|Any CPU.ActiveCfg = Release|Any CPU
		{9D65E63A-9B33-497B-A583-E95DA11D9DA2}.Test|Any CPU.Build.0 = Release|Any CPU
		{9D65E63A-9B33-497B-A583-E95DA11D9DA2}.WebUITesting|Any CPU.ActiveCfg = Release|Any CPU
		{9D65E63A-9B33-497B-A583-E95DA11D9DA2}.WebUITesting|Any CPU.Build.0 = Release|Any CPU
		{A04D62AF-F76D-4C15-AEAB-DF022BEEB1A8}.Debug|Any CPU.ActiveCfg = Debug|Any CPU
		{A04D62AF-F76D-4C15-AEAB-DF022BEEB1A8}.Debug|Any CPU.Build.0 = Debug|Any CPU
		{A04D62AF-F76D-4C15-AEAB-DF022BEEB1A8}.Demo|Any CPU.ActiveCfg = Debug|Any CPU
		{A04D62AF-F76D-4C15-AEAB-DF022BEEB1A8}.Demo|Any CPU.Build.0 = Debug|Any CPU
		{A04D62AF-F76D-4C15-AEAB-DF022BEEB1A8}.Integration|Any CPU.ActiveCfg = Release|Any CPU
		{A04D62AF-F76D-4C15-AEAB-DF022BEEB1A8}.Integration|Any CPU.Build.0 = Release|Any CPU
		{A04D62AF-F76D-4C15-AEAB-DF022BEEB1A8}.Release|Any CPU.ActiveCfg = Release|Any CPU
		{A04D62AF-F76D-4C15-AEAB-DF022BEEB1A8}.Release|Any CPU.Build.0 = Release|Any CPU
		{A04D62AF-F76D-4C15-AEAB-DF022BEEB1A8}.Test|Any CPU.ActiveCfg = Release|Any CPU
		{A04D62AF-F76D-4C15-AEAB-DF022BEEB1A8}.Test|Any CPU.Build.0 = Release|Any CPU
		{A04D62AF-F76D-4C15-AEAB-DF022BEEB1A8}.WebUITesting|Any CPU.ActiveCfg = Release|Any CPU
		{A04D62AF-F76D-4C15-AEAB-DF022BEEB1A8}.WebUITesting|Any CPU.Build.0 = Release|Any CPU
		{D6E84CA6-8494-4F3C-90B5-2B868DDE7A6C}.Debug|Any CPU.ActiveCfg = Debug|Any CPU
		{D6E84CA6-8494-4F3C-90B5-2B868DDE7A6C}.Debug|Any CPU.Build.0 = Debug|Any CPU
		{D6E84CA6-8494-4F3C-90B5-2B868DDE7A6C}.Demo|Any CPU.ActiveCfg = Debug|Any CPU
		{D6E84CA6-8494-4F3C-90B5-2B868DDE7A6C}.Demo|Any CPU.Build.0 = Debug|Any CPU
		{D6E84CA6-8494-4F3C-90B5-2B868DDE7A6C}.Integration|Any CPU.ActiveCfg = Release|Any CPU
		{D6E84CA6-8494-4F3C-90B5-2B868DDE7A6C}.Integration|Any CPU.Build.0 = Release|Any CPU
		{D6E84CA6-8494-4F3C-90B5-2B868DDE7A6C}.Release|Any CPU.ActiveCfg = Release|Any CPU
		{D6E84CA6-8494-4F3C-90B5-2B868DDE7A6C}.Release|Any CPU.Build.0 = Release|Any CPU
		{D6E84CA6-8494-4F3C-90B5-2B868DDE7A6C}.Test|Any CPU.ActiveCfg = Release|Any CPU
		{D6E84CA6-8494-4F3C-90B5-2B868DDE7A6C}.Test|Any CPU.Build.0 = Release|Any CPU
		{D6E84CA6-8494-4F3C-90B5-2B868DDE7A6C}.WebUITesting|Any CPU.ActiveCfg = Release|Any CPU
		{D6E84CA6-8494-4F3C-90B5-2B868DDE7A6C}.WebUITesting|Any CPU.Build.0 = Release|Any CPU
		{1E4E9E74-89AA-4053-83F1-F2A53C31D749}.Debug|Any CPU.ActiveCfg = Debug|Any CPU
		{1E4E9E74-89AA-4053-83F1-F2A53C31D749}.Debug|Any CPU.Build.0 = Debug|Any CPU
		{1E4E9E74-89AA-4053-83F1-F2A53C31D749}.Demo|Any CPU.ActiveCfg = Debug|Any CPU
		{1E4E9E74-89AA-4053-83F1-F2A53C31D749}.Demo|Any CPU.Build.0 = Debug|Any CPU
		{1E4E9E74-89AA-4053-83F1-F2A53C31D749}.Integration|Any CPU.ActiveCfg = Release|Any CPU
		{1E4E9E74-89AA-4053-83F1-F2A53C31D749}.Integration|Any CPU.Build.0 = Release|Any CPU
		{1E4E9E74-89AA-4053-83F1-F2A53C31D749}.Release|Any CPU.ActiveCfg = Release|Any CPU
		{1E4E9E74-89AA-4053-83F1-F2A53C31D749}.Release|Any CPU.Build.0 = Release|Any CPU
		{1E4E9E74-89AA-4053-83F1-F2A53C31D749}.Test|Any CPU.ActiveCfg = Release|Any CPU
		{1E4E9E74-89AA-4053-83F1-F2A53C31D749}.Test|Any CPU.Build.0 = Release|Any CPU
		{1E4E9E74-89AA-4053-83F1-F2A53C31D749}.WebUITesting|Any CPU.ActiveCfg = Release|Any CPU
		{1E4E9E74-89AA-4053-83F1-F2A53C31D749}.WebUITesting|Any CPU.Build.0 = Release|Any CPU
		{35154772-0EBF-4C89-9F2F-197AC94A877E}.Debug|Any CPU.ActiveCfg = Debug|Any CPU
		{35154772-0EBF-4C89-9F2F-197AC94A877E}.Debug|Any CPU.Build.0 = Debug|Any CPU
		{35154772-0EBF-4C89-9F2F-197AC94A877E}.Demo|Any CPU.ActiveCfg = Debug|Any CPU
		{35154772-0EBF-4C89-9F2F-197AC94A877E}.Demo|Any CPU.Build.0 = Debug|Any CPU
		{35154772-0EBF-4C89-9F2F-197AC94A877E}.Integration|Any CPU.ActiveCfg = Release|Any CPU
		{35154772-0EBF-4C89-9F2F-197AC94A877E}.Integration|Any CPU.Build.0 = Release|Any CPU
		{35154772-0EBF-4C89-9F2F-197AC94A877E}.Release|Any CPU.ActiveCfg = Release|Any CPU
		{35154772-0EBF-4C89-9F2F-197AC94A877E}.Release|Any CPU.Build.0 = Release|Any CPU
		{35154772-0EBF-4C89-9F2F-197AC94A877E}.Test|Any CPU.ActiveCfg = Release|Any CPU
		{35154772-0EBF-4C89-9F2F-197AC94A877E}.Test|Any CPU.Build.0 = Release|Any CPU
		{35154772-0EBF-4C89-9F2F-197AC94A877E}.WebUITesting|Any CPU.ActiveCfg = Release|Any CPU
		{35154772-0EBF-4C89-9F2F-197AC94A877E}.WebUITesting|Any CPU.Build.0 = Release|Any CPU
		{DBA5BFC2-B479-418E-84E9-44D39E1651D9}.Debug|Any CPU.ActiveCfg = Debug|Any CPU
		{DBA5BFC2-B479-418E-84E9-44D39E1651D9}.Debug|Any CPU.Build.0 = Debug|Any CPU
		{DBA5BFC2-B479-418E-84E9-44D39E1651D9}.Demo|Any CPU.ActiveCfg = Debug|Any CPU
		{DBA5BFC2-B479-418E-84E9-44D39E1651D9}.Demo|Any CPU.Build.0 = Debug|Any CPU
		{DBA5BFC2-B479-418E-84E9-44D39E1651D9}.Integration|Any CPU.ActiveCfg = Release|Any CPU
		{DBA5BFC2-B479-418E-84E9-44D39E1651D9}.Integration|Any CPU.Build.0 = Release|Any CPU
		{DBA5BFC2-B479-418E-84E9-44D39E1651D9}.Release|Any CPU.ActiveCfg = Release|Any CPU
		{DBA5BFC2-B479-418E-84E9-44D39E1651D9}.Release|Any CPU.Build.0 = Release|Any CPU
		{DBA5BFC2-B479-418E-84E9-44D39E1651D9}.Test|Any CPU.ActiveCfg = Release|Any CPU
		{DBA5BFC2-B479-418E-84E9-44D39E1651D9}.Test|Any CPU.Build.0 = Release|Any CPU
		{DBA5BFC2-B479-418E-84E9-44D39E1651D9}.WebUITesting|Any CPU.ActiveCfg = Release|Any CPU
		{DBA5BFC2-B479-418E-84E9-44D39E1651D9}.WebUITesting|Any CPU.Build.0 = Release|Any CPU
		{A8AF4718-41C9-4307-97B5-33F63111C76B}.Debug|Any CPU.ActiveCfg = Debug|Any CPU
		{A8AF4718-41C9-4307-97B5-33F63111C76B}.Debug|Any CPU.Build.0 = Debug|Any CPU
		{A8AF4718-41C9-4307-97B5-33F63111C76B}.Demo|Any CPU.ActiveCfg = Debug|Any CPU
		{A8AF4718-41C9-4307-97B5-33F63111C76B}.Demo|Any CPU.Build.0 = Debug|Any CPU
		{A8AF4718-41C9-4307-97B5-33F63111C76B}.Integration|Any CPU.ActiveCfg = Release|Any CPU
		{A8AF4718-41C9-4307-97B5-33F63111C76B}.Integration|Any CPU.Build.0 = Release|Any CPU
		{A8AF4718-41C9-4307-97B5-33F63111C76B}.Release|Any CPU.ActiveCfg = Release|Any CPU
		{A8AF4718-41C9-4307-97B5-33F63111C76B}.Release|Any CPU.Build.0 = Release|Any CPU
		{A8AF4718-41C9-4307-97B5-33F63111C76B}.Test|Any CPU.ActiveCfg = Release|Any CPU
		{A8AF4718-41C9-4307-97B5-33F63111C76B}.Test|Any CPU.Build.0 = Release|Any CPU
		{A8AF4718-41C9-4307-97B5-33F63111C76B}.WebUITesting|Any CPU.ActiveCfg = Release|Any CPU
		{A8AF4718-41C9-4307-97B5-33F63111C76B}.WebUITesting|Any CPU.Build.0 = Release|Any CPU
		{B9977F25-9C76-4585-B52B-0826255F3318}.Debug|Any CPU.ActiveCfg = Debug|Any CPU
		{B9977F25-9C76-4585-B52B-0826255F3318}.Debug|Any CPU.Build.0 = Debug|Any CPU
		{B9977F25-9C76-4585-B52B-0826255F3318}.Demo|Any CPU.ActiveCfg = Debug|Any CPU
		{B9977F25-9C76-4585-B52B-0826255F3318}.Demo|Any CPU.Build.0 = Debug|Any CPU
		{B9977F25-9C76-4585-B52B-0826255F3318}.Integration|Any CPU.ActiveCfg = Release|Any CPU
		{B9977F25-9C76-4585-B52B-0826255F3318}.Integration|Any CPU.Build.0 = Release|Any CPU
		{B9977F25-9C76-4585-B52B-0826255F3318}.Release|Any CPU.ActiveCfg = Release|Any CPU
		{B9977F25-9C76-4585-B52B-0826255F3318}.Release|Any CPU.Build.0 = Release|Any CPU
		{B9977F25-9C76-4585-B52B-0826255F3318}.Test|Any CPU.ActiveCfg = Release|Any CPU
		{B9977F25-9C76-4585-B52B-0826255F3318}.Test|Any CPU.Build.0 = Release|Any CPU
		{B9977F25-9C76-4585-B52B-0826255F3318}.WebUITesting|Any CPU.ActiveCfg = Release|Any CPU
		{B9977F25-9C76-4585-B52B-0826255F3318}.WebUITesting|Any CPU.Build.0 = Release|Any CPU
		{D930AEAF-1B9B-446E-847F-EC19E34027F3}.Debug|Any CPU.ActiveCfg = Debug|Any CPU
		{D930AEAF-1B9B-446E-847F-EC19E34027F3}.Debug|Any CPU.Build.0 = Debug|Any CPU
		{D930AEAF-1B9B-446E-847F-EC19E34027F3}.Demo|Any CPU.ActiveCfg = Debug|Any CPU
		{D930AEAF-1B9B-446E-847F-EC19E34027F3}.Demo|Any CPU.Build.0 = Debug|Any CPU
		{D930AEAF-1B9B-446E-847F-EC19E34027F3}.Integration|Any CPU.ActiveCfg = Release|Any CPU
		{D930AEAF-1B9B-446E-847F-EC19E34027F3}.Integration|Any CPU.Build.0 = Release|Any CPU
		{D930AEAF-1B9B-446E-847F-EC19E34027F3}.Release|Any CPU.ActiveCfg = Release|Any CPU
		{D930AEAF-1B9B-446E-847F-EC19E34027F3}.Release|Any CPU.Build.0 = Release|Any CPU
		{D930AEAF-1B9B-446E-847F-EC19E34027F3}.Test|Any CPU.ActiveCfg = Release|Any CPU
		{D930AEAF-1B9B-446E-847F-EC19E34027F3}.Test|Any CPU.Build.0 = Release|Any CPU
		{D930AEAF-1B9B-446E-847F-EC19E34027F3}.WebUITesting|Any CPU.ActiveCfg = Release|Any CPU
		{D930AEAF-1B9B-446E-847F-EC19E34027F3}.WebUITesting|Any CPU.Build.0 = Release|Any CPU
		{78F169F7-875D-4A54-B44E-373FEA53434B}.Debug|Any CPU.ActiveCfg = Debug|Any CPU
		{78F169F7-875D-4A54-B44E-373FEA53434B}.Debug|Any CPU.Build.0 = Debug|Any CPU
		{78F169F7-875D-4A54-B44E-373FEA53434B}.Demo|Any CPU.ActiveCfg = Debug|Any CPU
		{78F169F7-875D-4A54-B44E-373FEA53434B}.Demo|Any CPU.Build.0 = Debug|Any CPU
		{78F169F7-875D-4A54-B44E-373FEA53434B}.Integration|Any CPU.ActiveCfg = Release|Any CPU
		{78F169F7-875D-4A54-B44E-373FEA53434B}.Integration|Any CPU.Build.0 = Release|Any CPU
		{78F169F7-875D-4A54-B44E-373FEA53434B}.Release|Any CPU.ActiveCfg = Release|Any CPU
		{78F169F7-875D-4A54-B44E-373FEA53434B}.Release|Any CPU.Build.0 = Release|Any CPU
		{78F169F7-875D-4A54-B44E-373FEA53434B}.Test|Any CPU.ActiveCfg = Release|Any CPU
		{78F169F7-875D-4A54-B44E-373FEA53434B}.Test|Any CPU.Build.0 = Release|Any CPU
		{78F169F7-875D-4A54-B44E-373FEA53434B}.WebUITesting|Any CPU.ActiveCfg = Release|Any CPU
		{78F169F7-875D-4A54-B44E-373FEA53434B}.WebUITesting|Any CPU.Build.0 = Release|Any CPU
		{447A7F2C-065B-4B19-B19B-4E7AA07AE04C}.Debug|Any CPU.ActiveCfg = Debug|Any CPU
		{447A7F2C-065B-4B19-B19B-4E7AA07AE04C}.Debug|Any CPU.Build.0 = Debug|Any CPU
		{447A7F2C-065B-4B19-B19B-4E7AA07AE04C}.Demo|Any CPU.ActiveCfg = Debug|Any CPU
		{447A7F2C-065B-4B19-B19B-4E7AA07AE04C}.Demo|Any CPU.Build.0 = Debug|Any CPU
		{447A7F2C-065B-4B19-B19B-4E7AA07AE04C}.Integration|Any CPU.ActiveCfg = Release|Any CPU
		{447A7F2C-065B-4B19-B19B-4E7AA07AE04C}.Integration|Any CPU.Build.0 = Release|Any CPU
		{447A7F2C-065B-4B19-B19B-4E7AA07AE04C}.Release|Any CPU.ActiveCfg = Release|Any CPU
		{447A7F2C-065B-4B19-B19B-4E7AA07AE04C}.Release|Any CPU.Build.0 = Release|Any CPU
		{447A7F2C-065B-4B19-B19B-4E7AA07AE04C}.Test|Any CPU.ActiveCfg = Release|Any CPU
		{447A7F2C-065B-4B19-B19B-4E7AA07AE04C}.Test|Any CPU.Build.0 = Release|Any CPU
		{447A7F2C-065B-4B19-B19B-4E7AA07AE04C}.WebUITesting|Any CPU.ActiveCfg = Release|Any CPU
		{447A7F2C-065B-4B19-B19B-4E7AA07AE04C}.WebUITesting|Any CPU.Build.0 = Release|Any CPU
		{41A9C660-FCFE-4920-BFF1-3019C434AF91}.Debug|Any CPU.ActiveCfg = Debug|Any CPU
		{41A9C660-FCFE-4920-BFF1-3019C434AF91}.Debug|Any CPU.Build.0 = Debug|Any CPU
		{41A9C660-FCFE-4920-BFF1-3019C434AF91}.Demo|Any CPU.ActiveCfg = Debug|Any CPU
		{41A9C660-FCFE-4920-BFF1-3019C434AF91}.Demo|Any CPU.Build.0 = Debug|Any CPU
		{41A9C660-FCFE-4920-BFF1-3019C434AF91}.Integration|Any CPU.ActiveCfg = Release|Any CPU
		{41A9C660-FCFE-4920-BFF1-3019C434AF91}.Integration|Any CPU.Build.0 = Release|Any CPU
		{41A9C660-FCFE-4920-BFF1-3019C434AF91}.Release|Any CPU.ActiveCfg = Release|Any CPU
		{41A9C660-FCFE-4920-BFF1-3019C434AF91}.Release|Any CPU.Build.0 = Release|Any CPU
		{41A9C660-FCFE-4920-BFF1-3019C434AF91}.Test|Any CPU.ActiveCfg = Release|Any CPU
		{41A9C660-FCFE-4920-BFF1-3019C434AF91}.Test|Any CPU.Build.0 = Release|Any CPU
		{41A9C660-FCFE-4920-BFF1-3019C434AF91}.WebUITesting|Any CPU.ActiveCfg = Release|Any CPU
		{41A9C660-FCFE-4920-BFF1-3019C434AF91}.WebUITesting|Any CPU.Build.0 = Release|Any CPU
		{08EBF714-4E5A-4655-ADE5-8A16E5665C5A}.Debug|Any CPU.ActiveCfg = Debug|Any CPU
		{08EBF714-4E5A-4655-ADE5-8A16E5665C5A}.Debug|Any CPU.Build.0 = Debug|Any CPU
		{08EBF714-4E5A-4655-ADE5-8A16E5665C5A}.Demo|Any CPU.ActiveCfg = Debug|Any CPU
		{08EBF714-4E5A-4655-ADE5-8A16E5665C5A}.Demo|Any CPU.Build.0 = Debug|Any CPU
		{08EBF714-4E5A-4655-ADE5-8A16E5665C5A}.Integration|Any CPU.ActiveCfg = Release|Any CPU
		{08EBF714-4E5A-4655-ADE5-8A16E5665C5A}.Integration|Any CPU.Build.0 = Release|Any CPU
		{08EBF714-4E5A-4655-ADE5-8A16E5665C5A}.Release|Any CPU.ActiveCfg = Release|Any CPU
		{08EBF714-4E5A-4655-ADE5-8A16E5665C5A}.Release|Any CPU.Build.0 = Release|Any CPU
		{08EBF714-4E5A-4655-ADE5-8A16E5665C5A}.Test|Any CPU.ActiveCfg = Release|Any CPU
		{08EBF714-4E5A-4655-ADE5-8A16E5665C5A}.Test|Any CPU.Build.0 = Release|Any CPU
		{08EBF714-4E5A-4655-ADE5-8A16E5665C5A}.WebUITesting|Any CPU.ActiveCfg = Release|Any CPU
		{08EBF714-4E5A-4655-ADE5-8A16E5665C5A}.WebUITesting|Any CPU.Build.0 = Release|Any CPU
		{7DC15BBE-3DF1-4E17-AED5-05494775903E}.Debug|Any CPU.ActiveCfg = Debug|Any CPU
		{7DC15BBE-3DF1-4E17-AED5-05494775903E}.Debug|Any CPU.Build.0 = Debug|Any CPU
		{7DC15BBE-3DF1-4E17-AED5-05494775903E}.Demo|Any CPU.ActiveCfg = Debug|Any CPU
		{7DC15BBE-3DF1-4E17-AED5-05494775903E}.Demo|Any CPU.Build.0 = Debug|Any CPU
		{7DC15BBE-3DF1-4E17-AED5-05494775903E}.Integration|Any CPU.ActiveCfg = Release|Any CPU
		{7DC15BBE-3DF1-4E17-AED5-05494775903E}.Integration|Any CPU.Build.0 = Release|Any CPU
		{7DC15BBE-3DF1-4E17-AED5-05494775903E}.Release|Any CPU.ActiveCfg = Release|Any CPU
		{7DC15BBE-3DF1-4E17-AED5-05494775903E}.Release|Any CPU.Build.0 = Release|Any CPU
		{7DC15BBE-3DF1-4E17-AED5-05494775903E}.Test|Any CPU.ActiveCfg = Release|Any CPU
		{7DC15BBE-3DF1-4E17-AED5-05494775903E}.Test|Any CPU.Build.0 = Release|Any CPU
		{7DC15BBE-3DF1-4E17-AED5-05494775903E}.WebUITesting|Any CPU.ActiveCfg = Release|Any CPU
		{7DC15BBE-3DF1-4E17-AED5-05494775903E}.WebUITesting|Any CPU.Build.0 = Release|Any CPU
		{A92C6250-2E75-4F8E-9275-BEB7B9E1C9E2}.Debug|Any CPU.ActiveCfg = Debug|Any CPU
		{A92C6250-2E75-4F8E-9275-BEB7B9E1C9E2}.Debug|Any CPU.Build.0 = Debug|Any CPU
		{A92C6250-2E75-4F8E-9275-BEB7B9E1C9E2}.Demo|Any CPU.ActiveCfg = Debug|Any CPU
		{A92C6250-2E75-4F8E-9275-BEB7B9E1C9E2}.Demo|Any CPU.Build.0 = Debug|Any CPU
		{A92C6250-2E75-4F8E-9275-BEB7B9E1C9E2}.Integration|Any CPU.ActiveCfg = Release|Any CPU
		{A92C6250-2E75-4F8E-9275-BEB7B9E1C9E2}.Integration|Any CPU.Build.0 = Release|Any CPU
		{A92C6250-2E75-4F8E-9275-BEB7B9E1C9E2}.Release|Any CPU.ActiveCfg = Release|Any CPU
		{A92C6250-2E75-4F8E-9275-BEB7B9E1C9E2}.Release|Any CPU.Build.0 = Release|Any CPU
		{A92C6250-2E75-4F8E-9275-BEB7B9E1C9E2}.Test|Any CPU.ActiveCfg = Release|Any CPU
		{A92C6250-2E75-4F8E-9275-BEB7B9E1C9E2}.Test|Any CPU.Build.0 = Release|Any CPU
		{A92C6250-2E75-4F8E-9275-BEB7B9E1C9E2}.WebUITesting|Any CPU.ActiveCfg = Release|Any CPU
		{A92C6250-2E75-4F8E-9275-BEB7B9E1C9E2}.WebUITesting|Any CPU.Build.0 = Release|Any CPU
		{BFA61DC3-9840-43F9-893C-43D540C02BC3}.Debug|Any CPU.ActiveCfg = Debug|Any CPU
		{BFA61DC3-9840-43F9-893C-43D540C02BC3}.Debug|Any CPU.Build.0 = Debug|Any CPU
		{BFA61DC3-9840-43F9-893C-43D540C02BC3}.Demo|Any CPU.ActiveCfg = Debug|Any CPU
		{BFA61DC3-9840-43F9-893C-43D540C02BC3}.Demo|Any CPU.Build.0 = Debug|Any CPU
		{BFA61DC3-9840-43F9-893C-43D540C02BC3}.Integration|Any CPU.ActiveCfg = Release|Any CPU
		{BFA61DC3-9840-43F9-893C-43D540C02BC3}.Integration|Any CPU.Build.0 = Release|Any CPU
		{BFA61DC3-9840-43F9-893C-43D540C02BC3}.Release|Any CPU.ActiveCfg = Release|Any CPU
		{BFA61DC3-9840-43F9-893C-43D540C02BC3}.Release|Any CPU.Build.0 = Release|Any CPU
		{BFA61DC3-9840-43F9-893C-43D540C02BC3}.Test|Any CPU.ActiveCfg = Release|Any CPU
		{BFA61DC3-9840-43F9-893C-43D540C02BC3}.Test|Any CPU.Build.0 = Release|Any CPU
		{BFA61DC3-9840-43F9-893C-43D540C02BC3}.WebUITesting|Any CPU.ActiveCfg = Release|Any CPU
		{BFA61DC3-9840-43F9-893C-43D540C02BC3}.WebUITesting|Any CPU.Build.0 = Release|Any CPU
		{08201F50-2B97-4567-85DF-58B6FEFF7CC9}.Debug|Any CPU.ActiveCfg = Debug|Any CPU
		{08201F50-2B97-4567-85DF-58B6FEFF7CC9}.Debug|Any CPU.Build.0 = Debug|Any CPU
		{08201F50-2B97-4567-85DF-58B6FEFF7CC9}.Demo|Any CPU.ActiveCfg = Debug|Any CPU
		{08201F50-2B97-4567-85DF-58B6FEFF7CC9}.Demo|Any CPU.Build.0 = Debug|Any CPU
		{08201F50-2B97-4567-85DF-58B6FEFF7CC9}.Integration|Any CPU.ActiveCfg = WebUITesting|Any CPU
		{08201F50-2B97-4567-85DF-58B6FEFF7CC9}.Integration|Any CPU.Build.0 = WebUITesting|Any CPU
		{08201F50-2B97-4567-85DF-58B6FEFF7CC9}.Release|Any CPU.ActiveCfg = Release|Any CPU
		{08201F50-2B97-4567-85DF-58B6FEFF7CC9}.Release|Any CPU.Build.0 = Release|Any CPU
		{08201F50-2B97-4567-85DF-58B6FEFF7CC9}.Test|Any CPU.ActiveCfg = WebUITesting|Any CPU
		{08201F50-2B97-4567-85DF-58B6FEFF7CC9}.Test|Any CPU.Build.0 = WebUITesting|Any CPU
		{08201F50-2B97-4567-85DF-58B6FEFF7CC9}.WebUITesting|Any CPU.ActiveCfg = WebUITesting|Any CPU
		{08201F50-2B97-4567-85DF-58B6FEFF7CC9}.WebUITesting|Any CPU.Build.0 = WebUITesting|Any CPU
		{89B880E2-2FCC-4359-92DB-EE23273B0D4F}.Debug|Any CPU.ActiveCfg = Debug|Any CPU
		{89B880E2-2FCC-4359-92DB-EE23273B0D4F}.Debug|Any CPU.Build.0 = Debug|Any CPU
		{89B880E2-2FCC-4359-92DB-EE23273B0D4F}.Demo|Any CPU.ActiveCfg = Debug|Any CPU
		{89B880E2-2FCC-4359-92DB-EE23273B0D4F}.Demo|Any CPU.Build.0 = Debug|Any CPU
		{89B880E2-2FCC-4359-92DB-EE23273B0D4F}.Integration|Any CPU.ActiveCfg = Release|Any CPU
		{89B880E2-2FCC-4359-92DB-EE23273B0D4F}.Integration|Any CPU.Build.0 = Release|Any CPU
		{89B880E2-2FCC-4359-92DB-EE23273B0D4F}.Release|Any CPU.ActiveCfg = Release|Any CPU
		{89B880E2-2FCC-4359-92DB-EE23273B0D4F}.Release|Any CPU.Build.0 = Release|Any CPU
		{89B880E2-2FCC-4359-92DB-EE23273B0D4F}.Test|Any CPU.ActiveCfg = Release|Any CPU
		{89B880E2-2FCC-4359-92DB-EE23273B0D4F}.Test|Any CPU.Build.0 = Release|Any CPU
		{89B880E2-2FCC-4359-92DB-EE23273B0D4F}.WebUITesting|Any CPU.ActiveCfg = Release|Any CPU
		{89B880E2-2FCC-4359-92DB-EE23273B0D4F}.WebUITesting|Any CPU.Build.0 = Release|Any CPU
		{969C08CB-590E-49EB-8C98-5BB4CC17A501}.Debug|Any CPU.ActiveCfg = Debug|Any CPU
		{969C08CB-590E-49EB-8C98-5BB4CC17A501}.Debug|Any CPU.Build.0 = Debug|Any CPU
		{969C08CB-590E-49EB-8C98-5BB4CC17A501}.Demo|Any CPU.ActiveCfg = Debug|Any CPU
		{969C08CB-590E-49EB-8C98-5BB4CC17A501}.Demo|Any CPU.Build.0 = Debug|Any CPU
		{969C08CB-590E-49EB-8C98-5BB4CC17A501}.Integration|Any CPU.ActiveCfg = Release|Any CPU
		{969C08CB-590E-49EB-8C98-5BB4CC17A501}.Integration|Any CPU.Build.0 = Release|Any CPU
		{969C08CB-590E-49EB-8C98-5BB4CC17A501}.Release|Any CPU.ActiveCfg = Release|Any CPU
		{969C08CB-590E-49EB-8C98-5BB4CC17A501}.Release|Any CPU.Build.0 = Release|Any CPU
		{969C08CB-590E-49EB-8C98-5BB4CC17A501}.Test|Any CPU.ActiveCfg = Release|Any CPU
		{969C08CB-590E-49EB-8C98-5BB4CC17A501}.Test|Any CPU.Build.0 = Release|Any CPU
		{969C08CB-590E-49EB-8C98-5BB4CC17A501}.WebUITesting|Any CPU.ActiveCfg = Release|Any CPU
		{969C08CB-590E-49EB-8C98-5BB4CC17A501}.WebUITesting|Any CPU.Build.0 = Release|Any CPU
		{37716E17-8EFD-449C-9A39-0BE80C4CB914}.Debug|Any CPU.ActiveCfg = Debug|Any CPU
		{37716E17-8EFD-449C-9A39-0BE80C4CB914}.Debug|Any CPU.Build.0 = Debug|Any CPU
		{37716E17-8EFD-449C-9A39-0BE80C4CB914}.Demo|Any CPU.ActiveCfg = Debug|Any CPU
		{37716E17-8EFD-449C-9A39-0BE80C4CB914}.Demo|Any CPU.Build.0 = Debug|Any CPU
		{37716E17-8EFD-449C-9A39-0BE80C4CB914}.Integration|Any CPU.ActiveCfg = Release|Any CPU
		{37716E17-8EFD-449C-9A39-0BE80C4CB914}.Integration|Any CPU.Build.0 = Release|Any CPU
		{37716E17-8EFD-449C-9A39-0BE80C4CB914}.Release|Any CPU.ActiveCfg = Release|Any CPU
		{37716E17-8EFD-449C-9A39-0BE80C4CB914}.Release|Any CPU.Build.0 = Release|Any CPU
		{37716E17-8EFD-449C-9A39-0BE80C4CB914}.Test|Any CPU.ActiveCfg = Release|Any CPU
		{37716E17-8EFD-449C-9A39-0BE80C4CB914}.Test|Any CPU.Build.0 = Release|Any CPU
		{37716E17-8EFD-449C-9A39-0BE80C4CB914}.WebUITesting|Any CPU.ActiveCfg = Release|Any CPU
		{37716E17-8EFD-449C-9A39-0BE80C4CB914}.WebUITesting|Any CPU.Build.0 = Release|Any CPU
		{B9A37AC5-92AC-454F-9E98-B0469837E81B}.Debug|Any CPU.ActiveCfg = Debug|Any CPU
		{B9A37AC5-92AC-454F-9E98-B0469837E81B}.Debug|Any CPU.Build.0 = Debug|Any CPU
		{B9A37AC5-92AC-454F-9E98-B0469837E81B}.Demo|Any CPU.ActiveCfg = Debug|Any CPU
		{B9A37AC5-92AC-454F-9E98-B0469837E81B}.Demo|Any CPU.Build.0 = Debug|Any CPU
		{B9A37AC5-92AC-454F-9E98-B0469837E81B}.Integration|Any CPU.ActiveCfg = Release|Any CPU
		{B9A37AC5-92AC-454F-9E98-B0469837E81B}.Integration|Any CPU.Build.0 = Release|Any CPU
		{B9A37AC5-92AC-454F-9E98-B0469837E81B}.Release|Any CPU.ActiveCfg = Release|Any CPU
		{B9A37AC5-92AC-454F-9E98-B0469837E81B}.Release|Any CPU.Build.0 = Release|Any CPU
		{B9A37AC5-92AC-454F-9E98-B0469837E81B}.Test|Any CPU.ActiveCfg = Release|Any CPU
		{B9A37AC5-92AC-454F-9E98-B0469837E81B}.Test|Any CPU.Build.0 = Release|Any CPU
		{B9A37AC5-92AC-454F-9E98-B0469837E81B}.WebUITesting|Any CPU.ActiveCfg = Release|Any CPU
		{B9A37AC5-92AC-454F-9E98-B0469837E81B}.WebUITesting|Any CPU.Build.0 = Release|Any CPU
	EndGlobalSection
	GlobalSection(SolutionProperties) = preSolution
		HideSolutionNode = FALSE
	EndGlobalSection
EndGlobal
